PODS:
  - Capacitor (5.2.3):
    - CapacitorCordova
  - CapacitorCamera (5.0.7):
    - Capacitor
  - CapacitorCordova (5.2.3)
  - CapacitorSplashScreen (5.0.6):
    - Capacitor

DEPENDENCIES:
  - "Capacitor (from `../../node_modules/@capacitor/ios`)"
  - "CapacitorCamera (from `../../node_modules/@capacitor/camera`)"
  - "CapacitorCordova (from `../../node_modules/@capacitor/ios`)"
  - "CapacitorSplashScreen (from `../../node_modules/@capacitor/splash-screen`)"

EXTERNAL SOURCES:
  Capacitor:
    :path: "../../node_modules/@capacitor/ios"
  CapacitorCamera:
    :path: "../../node_modules/@capacitor/camera"
  CapacitorCordova:
    :path: "../../node_modules/@capacitor/ios"
  CapacitorSplashScreen:
    :path: "../../node_modules/@capacitor/splash-screen"

SPEC CHECKSUMS:
  Capacitor: 6f44cbc33839b8a4202b8eac97041fe584083417
  CapacitorCamera: 084b0b228bba7d00587910337b1c89e93b1d32ab
  CapacitorCordova: 35def3ebfdef491f0a7b652816eb873ff4b20bbf
  CapacitorSplashScreen: 5fa2ab5e46cf5cc530cf16a51c80c7a986579ccd

PODFILE CHECKSUM: c23ed3fd935a944047d8284cab144b362bbd00cb

COCOAPODS: 1.12.0
